speakeasyVersion: 1.760.0
sources:
    Asset Management API:
        sourceNamespace: asset-management-api
        sourceRevisionDigest: sha256:98b76aa350b6b9401a8ed927940ad205d5c04c72b470d67c40befe1558ea6fb2
        sourceBlobDigest: sha256:8f3672ab7f5ca9c1539d8daab3280e6f3e6019936d01c4c2956ce628082c4314
        tags:
            - latest
            - 0.4.0
targets:
    asset-management-js:
        source: Asset Management API
        sourceNamespace: asset-management-api
        sourceRevisionDigest: sha256:98b76aa350b6b9401a8ed927940ad205d5c04c72b470d67c40befe1558ea6fb2
        sourceBlobDigest: sha256:8f3672ab7f5ca9c1539d8daab3280e6f3e6019936d01c4c2956ce628082c4314
        codeSamplesNamespace: asset-management-api-typescript-code-samples
        codeSamplesRevisionDigest: sha256:469c4004e4db13ee4048bdc99d55b52732966f145eae9a0712726e897e38f07b
workflow:
    workflowVersion: 1.0.0
    speakeasyVersion: latest
    sources:
        Asset Management API:
            inputs:
                - location: https://cloudinary.github.io/api-schemas/asset-management/schema.yml
            overlays:
                - location: https://cloudinary.github.io/api-schemas/overlays/security-scheme-cloud-overlay.yaml
                - location: https://cloudinary.github.io/api-schemas/overlays/cloud-name-overlay.yml
                - location: https://cloudinary.github.io/api-schemas/overlays/mcp-disabled.yml
                - location: https://cloudinary.github.io/api-schemas/overlays/remove-mcp-description.yml
                - location: https://cloudinary.github.io/api-schemas/overlays/signature-optional-overlay.yml
                - location: https://cloudinary.github.io/api-schemas/asset-management/overlays/remove-multipart-overlay.yml
                - location: https://cloudinary.github.io/api-schemas/asset-management/overlays/create-only-archive-mode-overlay.yml
            registry:
                location: registry.speakeasyapi.dev/cloudinary/cloudinary/asset-management-api
    targets:
        asset-management-js:
            target: typescript
            source: Asset Management API
            publish:
                npm:
                    token: $npm_token
            codeSamples:
                registry:
                    location: registry.speakeasyapi.dev/cloudinary/cloudinary/asset-management-api-typescript-code-samples
                labelOverride:
                    fixedValue: Typescript (SDK)
                blocking: false
